// !$*UTF8*$!
{
	archiveVersion = 1;
	classes = {
	};
	objectVersion = 50;
	objects = {

/* Begin PBXBuildFile section */
		2941B5D024B5D7A300FAD065 /* AppDelegate.m in Sources */ = {isa = PBXBuildFile; fileRef = 2941B5CF24B5D7A300FAD065 /* AppDelegate.m */; };
		2941B5D324B5D7A300FAD065 /* SceneDelegate.m in Sources */ = {isa = PBXBuildFile; fileRef = 2941B5D224B5D7A300FAD065 /* SceneDelegate.m */; };
		2941B5D624B5D7A300FAD065 /* ViewController.m in Sources */ = {isa = PBXBuildFile; fileRef = 2941B5D524B5D7A300FAD065 /* ViewController.m */; };
		2941B5D924B5D7A300FAD065 /* Main.storyboard in Resources */ = {isa = PBXBuildFile; fileRef = 2941B5D724B5D7A300FAD065 /* Main.storyboard */; };
		2941B5DB24B5D7A400FAD065 /* Assets.xcassets in Resources */ = {isa = PBXBuildFile; fileRef = 2941B5DA24B5D7A400FAD065 /* Assets.xcassets */; };
		2941B5DE24B5D7A400FAD065 /* LaunchScreen.storyboard in Resources */ = {isa = PBXBuildFile; fileRef = 2941B5DC24B5D7A400FAD065 /* LaunchScreen.storyboard */; };
		2941B5E124B5D7A400FAD065 /* main.m in Sources */ = {isa = PBXBuildFile; fileRef = 2941B5E024B5D7A400FAD065 /* main.m */; };
		2941B5EB24B5D7A500FAD065 /* RQMediatorTests.m in Sources */ = {isa = PBXBuildFile; fileRef = 2941B5EA24B5D7A500FAD065 /* RQMediatorTests.m */; };
		2941B5F624B5D7A500FAD065 /* RQMediatorUITests.m in Sources */ = {isa = PBXBuildFile; fileRef = 2941B5F524B5D7A500FAD065 /* RQMediatorUITests.m */; };
		2941B60624B610AF00FAD065 /* RQMediator.m in Sources */ = {isa = PBXBuildFile; fileRef = 2941B60524B610AF00FAD065 /* RQMediator.m */; };
		299764B924B704DD00F15A54 /* Calculator.m in Sources */ = {isa = PBXBuildFile; fileRef = 299764B824B704DD00F15A54 /* Calculator.m */; };
		29A199CE24BD7D7500B14F14 /* RQNotFundViewController.m in Sources */ = {isa = PBXBuildFile; fileRef = 29A199CD24BD7D7500B14F14 /* RQNotFundViewController.m */; };
		29A199D124BD7E1A00B14F14 /* NotFundTarget.m in Sources */ = {isa = PBXBuildFile; fileRef = 29A199D024BD7E1A00B14F14 /* NotFundTarget.m */; };
/* End PBXBuildFile section */

/* Begin PBXContainerItemProxy section */
		2941B5E724B5D7A400FAD065 /* PBXContainerItemProxy */ = {
			isa = PBXContainerItemProxy;
			containerPortal = 2941B5C324B5D7A300FAD065 /* Project object */;
			proxyType = 1;
			remoteGlobalIDString = 2941B5CA24B5D7A300FAD065;
			remoteInfo = RQMediator;
		};
		2941B5F224B5D7A500FAD065 /* PBXContainerItemProxy */ = {
			isa = PBXContainerItemProxy;
			containerPortal = 2941B5C324B5D7A300FAD065 /* Project object */;
			proxyType = 1;
			remoteGlobalIDString = 2941B5CA24B5D7A300FAD065;
			remoteInfo = RQMediator;
		};
/* End PBXContainerItemProxy section */

/* Begin PBXFileReference section */
		2941B5CB24B5D7A300FAD065 /* RQMediator.app */ = {isa = PBXFileReference; explicitFileType = wrapper.application; includeInIndex = 0; path = RQMediator.app; sourceTree = BUILT_PRODUCTS_DIR; };
		2941B5CE24B5D7A300FAD065 /* AppDelegate.h */ = {isa = PBXFileReference; lastKnownFileType = sourcecode.c.h; path = AppDelegate.h; sourceTree = "<group>"; };
		2941B5CF24B5D7A300FAD065 /* AppDelegate.m */ = {isa = PBXFileReference; lastKnownFileType = sourcecode.c.objc; path = AppDelegate.m; sourceTree = "<group>"; };
		2941B5D124B5D7A300FAD065 /* SceneDelegate.h */ = {isa = PBXFileReference; lastKnownFileType = sourcecode.c.h; path = SceneDelegate.h; sourceTree = "<group>"; };
		2941B5D224B5D7A300FAD065 /* SceneDelegate.m */ = {isa = PBXFileReference; lastKnownFileType = sourcecode.c.objc; path = SceneDelegate.m; sourceTree = "<group>"; };
		2941B5D424B5D7A300FAD065 /* ViewController.h */ = {isa = PBXFileReference; lastKnownFileType = sourcecode.c.h; path = ViewController.h; sourceTree = "<group>"; };
		2941B5D524B5D7A300FAD065 /* ViewController.m */ = {isa = PBXFileReference; lastKnownFileType = sourcecode.c.objc; path = ViewController.m; sourceTree = "<group>"; };
		2941B5D824B5D7A300FAD065 /* Base */ = {isa = PBXFileReference; lastKnownFileType = file.storyboard; name = Base; path = Base.lproj/Main.storyboard; sourceTree = "<group>"; };
		2941B5DA24B5D7A400FAD065 /* Assets.xcassets */ = {isa = PBXFileReference; lastKnownFileType = folder.assetcatalog; path = Assets.xcassets; sourceTree = "<group>"; };
		2941B5DD24B5D7A400FAD065 /* Base */ = {isa = PBXFileReference; lastKnownFileType = file.storyboard; name = Base; path = Base.lproj/LaunchScreen.storyboard; sourceTree = "<group>"; };
		2941B5DF24B5D7A400FAD065 /* Info.plist */ = {isa = PBXFileReference; lastKnownFileType = text.plist.xml; path = Info.plist; sourceTree = "<group>"; };
		2941B5E024B5D7A400FAD065 /* main.m */ = {isa = PBXFileReference; lastKnownFileType = sourcecode.c.objc; path = main.m; sourceTree = "<group>"; };
		2941B5E624B5D7A400FAD065 /* RQMediatorTests.xctest */ = {isa = PBXFileReference; explicitFileType = wrapper.cfbundle; includeInIndex = 0; path = RQMediatorTests.xctest; sourceTree = BUILT_PRODUCTS_DIR; };
		2941B5EA24B5D7A500FAD065 /* RQMediatorTests.m */ = {isa = PBXFileReference; lastKnownFileType = sourcecode.c.objc; path = RQMediatorTests.m; sourceTree = "<group>"; };
		2941B5EC24B5D7A500FAD065 /* Info.plist */ = {isa = PBXFileReference; lastKnownFileType = text.plist.xml; path = Info.plist; sourceTree = "<group>"; };
		2941B5F124B5D7A500FAD065 /* RQMediatorUITests.xctest */ = {isa = PBXFileReference; explicitFileType = wrapper.cfbundle; includeInIndex = 0; path = RQMediatorUITests.xctest; sourceTree = BUILT_PRODUCTS_DIR; };
		2941B5F524B5D7A500FAD065 /* RQMediatorUITests.m */ = {isa = PBXFileReference; lastKnownFileType = sourcecode.c.objc; path = RQMediatorUITests.m; sourceTree = "<group>"; };
		2941B5F724B5D7A500FAD065 /* Info.plist */ = {isa = PBXFileReference; lastKnownFileType = text.plist.xml; path = Info.plist; sourceTree = "<group>"; };
		2941B60424B610AF00FAD065 /* RQMediator.h */ = {isa = PBXFileReference; lastKnownFileType = sourcecode.c.h; path = RQMediator.h; sourceTree = "<group>"; };
		2941B60524B610AF00FAD065 /* RQMediator.m */ = {isa = PBXFileReference; lastKnownFileType = sourcecode.c.objc; path = RQMediator.m; sourceTree = "<group>"; };
		299764B724B704DD00F15A54 /* Calculator.h */ = {isa = PBXFileReference; lastKnownFileType = sourcecode.c.h; path = Calculator.h; sourceTree = "<group>"; };
		299764B824B704DD00F15A54 /* Calculator.m */ = {isa = PBXFileReference; lastKnownFileType = sourcecode.c.objc; path = Calculator.m; sourceTree = "<group>"; };
		29A199CC24BD7D7500B14F14 /* RQNotFundViewController.h */ = {isa = PBXFileReference; lastKnownFileType = sourcecode.c.h; path = RQNotFundViewController.h; sourceTree = "<group>"; };
		29A199CD24BD7D7500B14F14 /* RQNotFundViewController.m */ = {isa = PBXFileReference; lastKnownFileType = sourcecode.c.objc; path = RQNotFundViewController.m; sourceTree = "<group>"; };
		29A199CF24BD7E1A00B14F14 /* NotFundTarget.h */ = {isa = PBXFileReference; lastKnownFileType = sourcecode.c.h; path = NotFundTarget.h; sourceTree = "<group>"; };
		29A199D024BD7E1A00B14F14 /* NotFundTarget.m */ = {isa = PBXFileReference; lastKnownFileType = sourcecode.c.objc; path = NotFundTarget.m; sourceTree = "<group>"; };
/* End PBXFileReference section */

/* Begin PBXFrameworksBuildPhase section */
		2941B5C824B5D7A300FAD065 /* Frameworks */ = {
			isa = PBXFrameworksBuildPhase;
			buildActionMask = 2147483647;
			files = (
			);
			runOnlyForDeploymentPostprocessing = 0;
		};
		2941B5E324B5D7A400FAD065 /* Frameworks */ = {
			isa = PBXFrameworksBuildPhase;
			buildActionMask = 2147483647;
			files = (
			);
			runOnlyForDeploymentPostprocessing = 0;
		};
		2941B5EE24B5D7A500FAD065 /* Frameworks */ = {
			isa = PBXFrameworksBuildPhase;
			buildActionMask = 2147483647;
			files = (
			);
			runOnlyForDeploymentPostprocessing = 0;
		};
/* End PBXFrameworksBuildPhase section */

/* Begin PBXGroup section */
		2941B5C224B5D7A300FAD065 = {
			isa = PBXGroup;
			children = (
				2941B5CD24B5D7A300FAD065 /* RQMediator */,
				2941B5E924B5D7A500FAD065 /* RQMediatorTests */,
				2941B5F424B5D7A500FAD065 /* RQMediatorUITests */,
				2941B5CC24B5D7A300FAD065 /* Products */,
			);
			sourceTree = "<group>";
		};
		2941B5CC24B5D7A300FAD065 /* Products */ = {
			isa = PBXGroup;
			children = (
				2941B5CB24B5D7A300FAD065 /* RQMediator.app */,
				2941B5E624B5D7A400FAD065 /* RQMediatorTests.xctest */,
				2941B5F124B5D7A500FAD065 /* RQMediatorUITests.xctest */,
			);
			name = Products;
			sourceTree = "<group>";
		};
		2941B5CD24B5D7A300FAD065 /* RQMediator */ = {
			isa = PBXGroup;
			children = (
				299764B524B7045B00F15A54 /* Example */,
				2941B60324B6108B00FAD065 /* RQMediator */,
				2941B5CE24B5D7A300FAD065 /* AppDelegate.h */,
				2941B5CF24B5D7A300FAD065 /* AppDelegate.m */,
				2941B5D124B5D7A300FAD065 /* SceneDelegate.h */,
				2941B5D224B5D7A300FAD065 /* SceneDelegate.m */,
				2941B5D424B5D7A300FAD065 /* ViewController.h */,
				2941B5D524B5D7A300FAD065 /* ViewController.m */,
				2941B5D724B5D7A300FAD065 /* Main.storyboard */,
				2941B5DA24B5D7A400FAD065 /* Assets.xcassets */,
				2941B5DC24B5D7A400FAD065 /* LaunchScreen.storyboard */,
				2941B5DF24B5D7A400FAD065 /* Info.plist */,
				2941B5E024B5D7A400FAD065 /* main.m */,
			);
			path = RQMediator;
			sourceTree = "<group>";
		};
		2941B5E924B5D7A500FAD065 /* RQMediatorTests */ = {
			isa = PBXGroup;
			children = (
				2941B5EC24B5D7A500FAD065 /* Info.plist */,
				2941B5EA24B5D7A500FAD065 /* RQMediatorTests.m */,
			);
			path = RQMediatorTests;
			sourceTree = "<group>";
		};
		2941B5F424B5D7A500FAD065 /* RQMediatorUITests */ = {
			isa = PBXGroup;
			children = (
				2941B5F524B5D7A500FAD065 /* RQMediatorUITests.m */,
				2941B5F724B5D7A500FAD065 /* Info.plist */,
			);
			path = RQMediatorUITests;
			sourceTree = "<group>";
		};
		2941B60324B6108B00FAD065 /* RQMediator */ = {
			isa = PBXGroup;
			children = (
				2941B60424B610AF00FAD065 /* RQMediator.h */,
				2941B60524B610AF00FAD065 /* RQMediator.m */,
			);
			path = RQMediator;
			sourceTree = "<group>";
		};
		299764B524B7045B00F15A54 /* Example */ = {
			isa = PBXGroup;
			children = (
				299764B724B704DD00F15A54 /* Calculator.h */,
				299764B824B704DD00F15A54 /* Calculator.m */,
				29A199CF24BD7E1A00B14F14 /* NotFundTarget.h */,
				29A199D024BD7E1A00B14F14 /* NotFundTarget.m */,
				29A199CC24BD7D7500B14F14 /* RQNotFundViewController.h */,
				29A199CD24BD7D7500B14F14 /* RQNotFundViewController.m */,
			);
			path = Example;
			sourceTree = "<group>";
		};
/* End PBXGroup section */

/* Begin PBXNativeTarget section */
		2941B5CA24B5D7A300FAD065 /* RQMediator */ = {
			isa = PBXNativeTarget;
			buildConfigurationList = 2941B5FA24B5D7A500FAD065 /* Build configuration list for PBXNativeTarget "RQMediator" */;
			buildPhases = (
				2941B5C724B5D7A300FAD065 /* Sources */,
				2941B5C824B5D7A300FAD065 /* Frameworks */,
				2941B5C924B5D7A300FAD065 /* Resources */,
			);
			buildRules = (
			);
			dependencies = (
			);
			name = RQMediator;
			productName = RQMediator;
			productReference = 2941B5CB24B5D7A300FAD065 /* RQMediator.app */;
			productType = "com.apple.product-type.application";
		};
		2941B5E524B5D7A400FAD065 /* RQMediatorTests */ = {
			isa = PBXNativeTarget;
			buildConfigurationList = 2941B5FD24B5D7A500FAD065 /* Build configuration list for PBXNativeTarget "RQMediatorTests" */;
			buildPhases = (
				2941B5E224B5D7A400FAD065 /* Sources */,
				2941B5E324B5D7A400FAD065 /* Frameworks */,
				2941B5E424B5D7A400FAD065 /* Resources */,
			);
			buildRules = (
			);
			dependencies = (
				2941B5E824B5D7A400FAD065 /* PBXTargetDependency */,
			);
			name = RQMediatorTests;
			productName = RQMediatorTests;
			productReference = 2941B5E624B5D7A400FAD065 /* RQMediatorTests.xctest */;
			productType = "com.apple.product-type.bundle.unit-test";
		};
		2941B5F024B5D7A500FAD065 /* RQMediatorUITests */ = {
			isa = PBXNativeTarget;
			buildConfigurationList = 2941B60024B5D7A500FAD065 /* Build configuration list for PBXNativeTarget "RQMediatorUITests" */;
			buildPhases = (
				2941B5ED24B5D7A500FAD065 /* Sources */,
				2941B5EE24B5D7A500FAD065 /* Frameworks */,
				2941B5EF24B5D7A500FAD065 /* Resources */,
			);
			buildRules = (
			);
			dependencies = (
				2941B5F324B5D7A500FAD065 /* PBXTargetDependency */,
			);
			name = RQMediatorUITests;
			productName = RQMediatorUITests;
			productReference = 2941B5F124B5D7A500FAD065 /* RQMediatorUITests.xctest */;
			productType = "com.apple.product-type.bundle.ui-testing";
		};
/* End PBXNativeTarget section */

/* Begin PBXProject section */
		2941B5C324B5D7A300FAD065 /* Project object */ = {
			isa = PBXProject;
			attributes = {
				LastUpgradeCheck = 1150;
				ORGANIZATIONNAME = "谢仁强";
				TargetAttributes = {
					2941B5CA24B5D7A300FAD065 = {
						CreatedOnToolsVersion = 11.5;
						LastSwiftMigration = 1150;
					};
					2941B5E524B5D7A400FAD065 = {
						CreatedOnToolsVersion = 11.5;
						TestTargetID = 2941B5CA24B5D7A300FAD065;
					};
					2941B5F024B5D7A500FAD065 = {
						CreatedOnToolsVersion = 11.5;
						TestTargetID = 2941B5CA24B5D7A300FAD065;
					};
				};
			};
			buildConfigurationList = 2941B5C624B5D7A300FAD065 /* Build configuration list for PBXProject "RQMediator" */;
			compatibilityVersion = "Xcode 9.3";
			developmentRegion = en;
			hasScannedForEncodings = 0;
			knownRegions = (
				en,
				Base,
			);
			mainGroup = 2941B5C224B5D7A300FAD065;
			productRefGroup = 2941B5CC24B5D7A300FAD065 /* Products */;
			projectDirPath = "";
			projectRoot = "";
			targets = (
				2941B5CA24B5D7A300FAD065 /* RQMediator */,
				2941B5E524B5D7A400FAD065 /* RQMediatorTests */,
				2941B5F024B5D7A500FAD065 /* RQMediatorUITests */,
			);
		};
/* End PBXProject section */

/* Begin PBXResourcesBuildPhase section */
		2941B5C924B5D7A300FAD065 /* Resources */ = {
			isa = PBXResourcesBuildPhase;
			buildActionMask = 2147483647;
			files = (
				2941B5DE24B5D7A400FAD065 /* LaunchScreen.storyboard in Resources */,
				2941B5DB24B5D7A400FAD065 /* Assets.xcassets in Resources */,
				2941B5D924B5D7A300FAD065 /* Main.storyboard in Resources */,
			);
			runOnlyForDeploymentPostprocessing = 0;
		};
		2941B5E424B5D7A400FAD065 /* Resources */ = {
			isa = PBXResourcesBuildPhase;
			buildActionMask = 2147483647;
			files = (
			);
			runOnlyForDeploymentPostprocessing = 0;
		};
		2941B5EF24B5D7A500FAD065 /* Resources */ = {
			isa = PBXResourcesBuildPhase;
			buildActionMask = 2147483647;
			files = (
			);
			runOnlyForDeploymentPostprocessing = 0;
		};
/* End PBXResourcesBuildPhase section */

/* Begin PBXSourcesBuildPhase section */
		2941B5C724B5D7A300FAD065 /* Sources */ = {
			isa = PBXSourcesBuildPhase;
			buildActionMask = 2147483647;
			files = (
				2941B5D624B5D7A300FAD065 /* ViewController.m in Sources */,
				2941B60624B610AF00FAD065 /* RQMediator.m in Sources */,
				2941B5D024B5D7A300FAD065 /* AppDelegate.m in Sources */,
				299764B924B704DD00F15A54 /* Calculator.m in Sources */,
				2941B5E124B5D7A400FAD065 /* main.m in Sources */,
				2941B5D324B5D7A300FAD065 /* SceneDelegate.m in Sources */,
				29A199CE24BD7D7500B14F14 /* RQNotFundViewController.m in Sources */,
				29A199D124BD7E1A00B14F14 /* NotFundTarget.m in Sources */,
			);
			runOnlyForDeploymentPostprocessing = 0;
		};
		2941B5E224B5D7A400FAD065 /* Sources */ = {
			isa = PBXSourcesBuildPhase;
			buildActionMask = 2147483647;
			files = (
				2941B5EB24B5D7A500FAD065 /* RQMediatorTests.m in Sources */,
			);
			runOnlyForDeploymentPostprocessing = 0;
		};
		2941B5ED24B5D7A500FAD065 /* Sources */ = {
			isa = PBXSourcesBuildPhase;
			buildActionMask = 2147483647;
			files = (
				2941B5F624B5D7A500FAD065 /* RQMediatorUITests.m in Sources */,
			);
			runOnlyForDeploymentPostprocessing = 0;
		};
/* End PBXSourcesBuildPhase section */

/* Begin PBXTargetDependency section */
		2941B5E824B5D7A400FAD065 /* PBXTargetDependency */ = {
			isa = PBXTargetDependency;
			target = 2941B5CA24B5D7A300FAD065 /* RQMediator */;
			targetProxy = 2941B5E724B5D7A400FAD065 /* PBXContainerItemProxy */;
		};
		2941B5F324B5D7A500FAD065 /* PBXTargetDependency */ = {
			isa = PBXTargetDependency;
			target = 2941B5CA24B5D7A300FAD065 /* RQMediator */;
			targetProxy = 2941B5F224B5D7A500FAD065 /* PBXContainerItemProxy */;
		};
/* End PBXTargetDependency section */

/* Begin PBXVariantGroup section */
		2941B5D724B5D7A300FAD065 /* Main.storyboard */ = {
			isa = PBXVariantGroup;
			children = (
				2941B5D824B5D7A300FAD065 /* Base */,
			);
			name = Main.storyboard;
			sourceTree = "<group>";
		};
		2941B5DC24B5D7A400FAD065 /* LaunchScreen.storyboard */ = {
			isa = PBXVariantGroup;
			children = (
				2941B5DD24B5D7A400FAD065 /* Base */,
			);
			name = LaunchScreen.storyboard;
			sourceTree = "<group>";
		};
/* End PBXVariantGroup section */

/* Begin XCBuildConfiguration section */
		2941B5F824B5D7A500FAD065 /* Debug */ = {
			isa = XCBuildConfiguration;
			buildSettings = {
				ALWAYS_SEARCH_USER_PATHS = NO;
				CLANG_ANALYZER_NONNULL = YES;
				CLANG_ANALYZER_NUMBER_OBJECT_CONVERSION = YES_AGGRESSIVE;
				CLANG_CXX_LANGUAGE_STANDARD = "gnu++14";
				CLANG_CXX_LIBRARY = "libc++";
				CLANG_ENABLE_MODULES = YES;
				CLANG_ENABLE_OBJC_ARC = YES;
				CLANG_ENABLE_OBJC_WEAK = YES;
				CLANG_WARN_BLOCK_CAPTURE_AUTORELEASING = YES;
				CLANG_WARN_BOOL_CONVERSION = YES;
				CLANG_WARN_COMMA = YES;
				CLANG_WARN_CONSTANT_CONVERSION = YES;
				CLANG_WARN_DEPRECATED_OBJC_IMPLEMENTATIONS = YES;
				CLANG_WARN_DIRECT_OBJC_ISA_USAGE = YES_ERROR;
				CLANG_WARN_DOCUMENTATION_COMMENTS = YES;
				CLANG_WARN_EMPTY_BODY = YES;
				CLANG_WARN_ENUM_CONVERSION = YES;
				CLANG_WARN_INFINITE_RECURSION = YES;
				CLANG_WARN_INT_CONVERSION = YES;
				CLANG_WARN_NON_LITERAL_NULL_CONVERSION = YES;
				CLANG_WARN_OBJC_IMPLICIT_RETAIN_SELF = YES;
				CLANG_WARN_OBJC_LITERAL_CONVERSION = YES;
				CLANG_WARN_OBJC_ROOT_CLASS = YES_ERROR;
				CLANG_WARN_RANGE_LOOP_ANALYSIS = YES;
				CLANG_WARN_STRICT_PROTOTYPES = YES;
				CLANG_WARN_SUSPICIOUS_MOVE = YES;
				CLANG_WARN_UNGUARDED_AVAILABILITY = YES_AGGRESSIVE;
				CLANG_WARN_UNREACHABLE_CODE = YES;
				CLANG_WARN__DUPLICATE_METHOD_MATCH = YES;
				COPY_PHASE_STRIP = NO;
				DEBUG_INFORMATION_FORMAT = dwarf;
				ENABLE_STRICT_OBJC_MSGSEND = YES;
				ENABLE_TESTABILITY = YES;
				GCC_C_LANGUAGE_STANDARD = gnu11;
				GCC_DYNAMIC_NO_PIC = NO;
				GCC_NO_COMMON_BLOCKS = YES;
				GCC_OPTIMIZATION_LEVEL = 0;
				GCC_PREPROCESSOR_DEFINITIONS = (
					"DEBUG=1",
					"$(inherited)",
				);
				GCC_WARN_64_TO_32_BIT_CONVERSION = YES;
				GCC_WARN_ABOUT_RETURN_TYPE = YES_ERROR;
				GCC_WARN_UNDECLARED_SELECTOR = YES;
				GCC_WARN_UNINITIALIZED_AUTOS = YES_AGGRESSIVE;
				GCC_WARN_UNUSED_FUNCTION = YES;
				GCC_WARN_UNUSED_VARIABLE = YES;
				IPHONEOS_DEPLOYMENT_TARGET = 13.5;
				MTL_ENABLE_DEBUG_INFO = INCLUDE_SOURCE;
				MTL_FAST_MATH = YES;
				ONLY_ACTIVE_ARCH = YES;
				SDKROOT = iphoneos;
			};
			name = Debug;
		};
		2941B5F924B5D7A500FAD065 /* Release */ = {
			isa = XCBuildConfiguration;
			buildSettings = {
				ALWAYS_SEARCH_USER_PATHS = NO;
				CLANG_ANALYZER_NONNULL = YES;
				CLANG_ANALYZER_NUMBER_OBJECT_CONVERSION = YES_AGGRESSIVE;
				CLANG_CXX_LANGUAGE_STANDARD = "gnu++14";
				CLANG_CXX_LIBRARY = "libc++";
				CLANG_ENABLE_MODULES = YES;
				CLANG_ENABLE_OBJC_ARC = YES;
				CLANG_ENABLE_OBJC_WEAK = YES;
				CLANG_WARN_BLOCK_CAPTURE_AUTORELEASING = YES;
				CLANG_WARN_BOOL_CONVERSION = YES;
				CLANG_WARN_COMMA = YES;
				CLANG_WARN_CONSTANT_CONVERSION = YES;
				CLANG_WARN_DEPRECATED_OBJC_IMPLEMENTATIONS = YES;
				CLANG_WARN_DIRECT_OBJC_ISA_USAGE = YES_ERROR;
				CLANG_WARN_DOCUMENTATION_COMMENTS = YES;
				CLANG_WARN_EMPTY_BODY = YES;
				CLANG_WARN_ENUM_CONVERSION = YES;
				CLANG_WARN_INFINITE_RECURSION = YES;
				CLANG_WARN_INT_CONVERSION = YES;
				CLANG_WARN_NON_LITERAL_NULL_CONVERSION = YES;
				CLANG_WARN_OBJC_IMPLICIT_RETAIN_SELF = YES;
				CLANG_WARN_OBJC_LITERAL_CONVERSION = YES;
				CLANG_WARN_OBJC_ROOT_CLASS = YES_ERROR;
				CLANG_WARN_RANGE_LOOP_ANALYSIS = YES;
				CLANG_WARN_STRICT_PROTOTYPES = YES;
				CLANG_WARN_SUSPICIOUS_MOVE = YES;
				CLANG_WARN_UNGUARDED_AVAILABILITY = YES_AGGRESSIVE;
				CLANG_WARN_UNREACHABLE_CODE = YES;
				CLANG_WARN__DUPLICATE_METHOD_MATCH = YES;
				COPY_PHASE_STRIP = NO;
				DEBUG_INFORMATION_FORMAT = "dwarf-with-dsym";
				ENABLE_NS_ASSERTIONS = NO;
				ENABLE_STRICT_OBJC_MSGSEND = YES;
				GCC_C_LANGUAGE_STANDARD = gnu11;
				GCC_NO_COMMON_BLOCKS = YES;
				GCC_WARN_64_TO_32_BIT_CONVERSION = YES;
				GCC_WARN_ABOUT_RETURN_TYPE = YES_ERROR;
				GCC_WARN_UNDECLARED_SELECTOR = YES;
				GCC_WARN_UNINITIALIZED_AUTOS = YES_AGGRESSIVE;
				GCC_WARN_UNUSED_FUNCTION = YES;
				GCC_WARN_UNUSED_VARIABLE = YES;
				IPHONEOS_DEPLOYMENT_TARGET = 13.5;
				MTL_ENABLE_DEBUG_INFO = NO;
				MTL_FAST_MATH = YES;
				SDKROOT = iphoneos;
				VALIDATE_PRODUCT = YES;
			};
			name = Release;
		};
		2941B5FB24B5D7A500FAD065 /* Debug */ = {
			isa = XCBuildConfiguration;
			buildSettings = {
				ASSETCATALOG_COMPILER_APPICON_NAME = AppIcon;
				CLANG_ENABLE_MODULES = YES;
				CODE_SIGN_STYLE = Automatic;
				DEVELOPMENT_TEAM = 8XFCSZTN87;
				INFOPLIST_FILE = RQMediator/Info.plist;
				LD_RUNPATH_SEARCH_PATHS = (
					"$(inherited)",
					"@executable_path/Frameworks",
				);
				PRODUCT_BUNDLE_IDENTIFIER = com.renqiangxie.RQMediator;
				PRODUCT_NAME = "$(TARGET_NAME)";
				SWIFT_OBJC_BRIDGING_HEADER = "RQMediator/Example/RQMediator-Bridging-Header.h";
				SWIFT_OPTIMIZATION_LEVEL = "-Onone";
				SWIFT_VERSION = 5.0;
				TARGETED_DEVICE_FAMILY = "1,2";
			};
			name = Debug;
		};
		2941B5FC24B5D7A500FAD065 /* Release */ = {
			isa = XCBuildConfiguration;
			buildSettings = {
				ASSETCATALOG_COMPILER_APPICON_NAME = AppIcon;
				CLANG_ENABLE_MODULES = YES;
				CODE_SIGN_STYLE = Automatic;
				DEVELOPMENT_TEAM = 8XFCSZTN87;
				INFOPLIST_FILE = RQMediator/Info.plist;
				LD_RUNPATH_SEARCH_PATHS = (
					"$(inherited)",
					"@executable_path/Frameworks",
				);
				PRODUCT_BUNDLE_IDENTIFIER = com.renqiangxie.RQMediator;
				PRODUCT_NAME = "$(TARGET_NAME)";
				SWIFT_OBJC_BRIDGING_HEADER = "RQMediator/Example/RQMediator-Bridging-Header.h";
				SWIFT_VERSION = 5.0;
				TARGETED_DEVICE_FAMILY = "1,2";
			};
			name = Release;
		};
		2941B5FE24B5D7A500FAD065 /* Debug */ = {
			isa = XCBuildConfiguration;
			buildSettings = {
				BUNDLE_LOADER = "$(TEST_HOST)";
				CODE_SIGN_STYLE = Automatic;
				DEVELOPMENT_TEAM = 8XFCSZTN87;
				INFOPLIST_FILE = RQMediatorTests/Info.plist;
				IPHONEOS_DEPLOYMENT_TARGET = 13.5;
				LD_RUNPATH_SEARCH_PATHS = (
					"$(inherited)",
					"@executable_path/Frameworks",
					"@loader_path/Frameworks",
				);
				PRODUCT_BUNDLE_IDENTIFIER = com.renqiangxie.RQMediatorTests;
				PRODUCT_NAME = "$(TARGET_NAME)";
				TARGETED_DEVICE_FAMILY = "1,2";
				TEST_HOST = "$(BUILT_PRODUCTS_DIR)/RQMediator.app/RQMediator";
			};
			name = Debug;
		};
		2941B5FF24B5D7A500FAD065 /* Release */ = {
			isa = XCBuildConfiguration;
			buildSettings = {
				BUNDLE_LOADER = "$(TEST_HOST)";
				CODE_SIGN_STYLE = Automatic;
				DEVELOPMENT_TEAM = 8XFCSZTN87;
				INFOPLIST_FILE = RQMediatorTests/Info.plist;
				IPHONEOS_DEPLOYMENT_TARGET = 13.5;
				LD_RUNPATH_SEARCH_PATHS = (
					"$(inherited)",
					"@executable_path/Frameworks",
					"@loader_path/Frameworks",
				);
				PRODUCT_BUNDLE_IDENTIFIER = com.renqiangxie.RQMediatorTests;
				PRODUCT_NAME = "$(TARGET_NAME)";
				TARGETED_DEVICE_FAMILY = "1,2";
				TEST_HOST = "$(BUILT_PRODUCTS_DIR)/RQMediator.app/RQMediator";
			};
			name = Release;
		};
		2941B60124B5D7A500FAD065 /* Debug */ = {
			isa = XCBuildConfiguration;
			buildSettings = {
				CODE_SIGN_STYLE = Automatic;
				DEVELOPMENT_TEAM = 8XFCSZTN87;
				INFOPLIST_FILE = RQMediatorUITests/Info.plist;
				LD_RUNPATH_SEARCH_PATHS = (
					"$(inherited)",
					"@executable_path/Frameworks",
					"@loader_path/Frameworks",
				);
				PRODUCT_BUNDLE_IDENTIFIER = com.renqiangxie.RQMediatorUITests;
				PRODUCT_NAME = "$(TARGET_NAME)";
				TARGETED_DEVICE_FAMILY = "1,2";
				TEST_TARGET_NAME = RQMediator;
			};
			name = Debug;
		};
		2941B60224B5D7A500FAD065 /* Release */ = {
			isa = XCBuildConfiguration;
			buildSettings = {
				CODE_SIGN_STYLE = Automatic;
				DEVELOPMENT_TEAM = 8XFCSZTN87;
				INFOPLIST_FILE = RQMediatorUITests/Info.plist;
				LD_RUNPATH_SEARCH_PATHS = (
					"$(inherited)",
					"@executable_path/Frameworks",
					"@loader_path/Frameworks",
				);
				PRODUCT_BUNDLE_IDENTIFIER = com.renqiangxie.RQMediatorUITests;
				PRODUCT_NAME = "$(TARGET_NAME)";
				TARGETED_DEVICE_FAMILY = "1,2";
				TEST_TARGET_NAME = RQMediator;
			};
			name = Release;
		};
/* End XCBuildConfiguration section */

/* Begin XCConfigurationList section */
		2941B5C624B5D7A300FAD065 /* Build configuration list for PBXProject "RQMediator" */ = {
			isa = XCConfigurationList;
			buildConfigurations = (
				2941B5F824B5D7A500FAD065 /* Debug */,
				2941B5F924B5D7A500FAD065 /* Release */,
			);
			defaultConfigurationIsVisible = 0;
			defaultConfigurationName = Release;
		};
		2941B5FA24B5D7A500FAD065 /* Build configuration list for PBXNativeTarget "RQMediator" */ = {
			isa = XCConfigurationList;
			buildConfigurations = (
				2941B5FB24B5D7A500FAD065 /* Debug */,
				2941B5FC24B5D7A500FAD065 /* Release */,
			);
			defaultConfigurationIsVisible = 0;
			defaultConfigurationName = Release;
		};
		2941B5FD24B5D7A500FAD065 /* Build configuration list for PBXNativeTarget "RQMediatorTests" */ = {
			isa = XCConfigurationList;
			buildConfigurations = (
				2941B5FE24B5D7A500FAD065 /* Debug */,
				2941B5FF24B5D7A500FAD065 /* Release */,
			);
			defaultConfigurationIsVisible = 0;
			defaultConfigurationName = Release;
		};
		2941B60024B5D7A500FAD065 /* Build configuration list for PBXNativeTarget "RQMediatorUITests" */ = {
			isa = XCConfigurationList;
			buildConfigurations = (
				2941B60124B5D7A500FAD065 /* Debug */,
				2941B60224B5D7A500FAD065 /* Release */,
			);
			defaultConfigurationIsVisible = 0;
			defaultConfigurationName = Release;
		};
/* End XCConfigurationList section */
	};
	rootObject = 2941B5C324B5D7A300FAD065 /* Project object */;
}
